
Microsoft Visual Studio Solution File, Format Version 12.00
# Visual Studio Version 17
VisualStudioVersion = 17.11.35431.28
MinimumVisualStudioVersion = 10.0.40219.1
Project("{FAE04EC0-301F-11D3-BF4B-00C04F79EFBC}") = "OOFSponder", "OOFScheduling\OOFSponder.csproj", "{134672C0-60F8-42D8-BC10-B9E69F66A1F6}"
	ProjectSection(ProjectDependencies) = postProject
		{5873DE0F-6853-4C8E-91A4-7A6861069A9A} = {5873DE0F-6853-4C8E-91A4-7A6861069A9A}
	EndProjectSection
EndProject
Project("{FAE04EC0-301F-11D3-BF4B-00C04F79EFBC}") = "HTMLEditorControl", "HtmlEditorControl\HTMLEditorControl.csproj", "{5873DE0F-6853-4C8E-91A4-7A6861069A9A}"
EndProject
Project("{9A19103F-16F7-4668-BE54-9A1E7A4F7556}") = "OOFSponderCore", "OOFSponderCore\OOFSponderCore.csproj", "{FC314DC7-AACF-4E35-8BE7-0A82AFC66CF7}"
EndProject
Project("{9A19103F-16F7-4668-BE54-9A1E7A4F7556}") = "HTMLEditorControlCore", "HTMLEditorControlCore\HTMLEditorControlCore.csproj", "{ABBCD711-E3E2-40C9-9DDB-9FCA3ADB2948}"
EndProject
Global
	GlobalSection(SolutionConfigurationPlatforms) = preSolution
		Debug|Any CPU = Debug|Any CPU
		Release without Sending OOF|Any CPU = Release without Sending OOF|Any CPU
		Release|Any CPU = Release|Any CPU
	EndGlobalSection
	GlobalSection(ProjectConfigurationPlatforms) = postSolution
		{134672C0-60F8-42D8-BC10-B9E69F66A1F6}.Debug|Any CPU.ActiveCfg = Debug|Any CPU
		{134672C0-60F8-42D8-BC10-B9E69F66A1F6}.Debug|Any CPU.Build.0 = Debug|Any CPU
		{134672C0-60F8-42D8-BC10-B9E69F66A1F6}.Release without Sending OOF|Any CPU.ActiveCfg = Release without Sending OOF|Any CPU
		{134672C0-60F8-42D8-BC10-B9E69F66A1F6}.Release without Sending OOF|Any CPU.Build.0 = Release without Sending OOF|Any CPU
		{134672C0-60F8-42D8-BC10-B9E69F66A1F6}.Release|Any CPU.ActiveCfg = Release|Any CPU
		{134672C0-60F8-42D8-BC10-B9E69F66A1F6}.Release|Any CPU.Build.0 = Release|Any CPU
		{5873DE0F-6853-4C8E-91A4-7A6861069A9A}.Debug|Any CPU.ActiveCfg = Debug|Any CPU
		{5873DE0F-6853-4C8E-91A4-7A6861069A9A}.Debug|Any CPU.Build.0 = Debug|Any CPU
		{5873DE0F-6853-4C8E-91A4-7A6861069A9A}.Release without Sending OOF|Any CPU.ActiveCfg = Release without Sending OOF|Any CPU
		{5873DE0F-6853-4C8E-91A4-7A6861069A9A}.Release without Sending OOF|Any CPU.Build.0 = Release without Sending OOF|Any CPU
		{5873DE0F-6853-4C8E-91A4-7A6861069A9A}.Release|Any CPU.ActiveCfg = Release|Any CPU
		{5873DE0F-6853-4C8E-91A4-7A6861069A9A}.Release|Any CPU.Build.0 = Release|Any CPU
		{FC314DC7-AACF-4E35-8BE7-0A82AFC66CF7}.Debug|Any CPU.ActiveCfg = Debug|Any CPU
		{FC314DC7-AACF-4E35-8BE7-0A82AFC66CF7}.Debug|Any CPU.Build.0 = Debug|Any CPU
		{FC314DC7-AACF-4E35-8BE7-0A82AFC66CF7}.Release without Sending OOF|Any CPU.ActiveCfg = Release without Sending OOF|Any CPU
		{FC314DC7-AACF-4E35-8BE7-0A82AFC66CF7}.Release without Sending OOF|Any CPU.Build.0 = Release without Sending OOF|Any CPU
		{FC314DC7-AACF-4E35-8BE7-0A82AFC66CF7}.Release|Any CPU.ActiveCfg = Release|Any CPU
		{FC314DC7-AACF-4E35-8BE7-0A82AFC66CF7}.Release|Any CPU.Build.0 = Release|Any CPU
		{ABBCD711-E3E2-40C9-9DDB-9FCA3ADB2948}.Debug|Any CPU.ActiveCfg = Debug|Any CPU
		{ABBCD711-E3E2-40C9-9DDB-9FCA3ADB2948}.Debug|Any CPU.Build.0 = Debug|Any CPU
		{ABBCD711-E3E2-40C9-9DDB-9FCA3ADB2948}.Release without Sending OOF|Any CPU.ActiveCfg = Release|Any CPU
		{ABBCD711-E3E2-40C9-9DDB-9FCA3ADB2948}.Release without Sending OOF|Any CPU.Build.0 = Release|Any CPU
		{ABBCD711-E3E2-40C9-9DDB-9FCA3ADB2948}.Release|Any CPU.ActiveCfg = Release|Any CPU
		{ABBCD711-E3E2-40C9-9DDB-9FCA3ADB2948}.Release|Any CPU.Build.0 = Release|Any CPU
	EndGlobalSection
	GlobalSection(SolutionProperties) = preSolution
		HideSolutionNode = FALSE
	EndGlobalSection
	GlobalSection(ExtensibilityGlobals) = postSolution
		SolutionGuid = {AB9B08D0-208D-4678-BF22-C5A271B456FB}
	EndGlobalSection
EndGlobal
