
Microsoft Visual Studio Solution File, Format Version 12.00
# Visual Studio 2013
VisualStudioVersion = 12.0.21005.1
MinimumVisualStudioVersion = 10.0.40219.1
Project("{FAE04EC0-301F-11D3-BF4B-00C04F79EFBC}") = "OOFSponder", "OOFScheduling\OOFSponder.csproj", "{134672C0-60F8-42D8-BC10-B9E69F66A1F6}"
	ProjectSection(ProjectDependencies) = postProject
		{5873DE0F-6853-4C8E-91A4-7A6861069A9A} = {5873DE0F-6853-4C8E-91A4-7A6861069A9A}
	EndProjectSection
EndProject
Project("{FAE04EC0-301F-11D3-BF4B-00C04F79EFBC}") = "HTMLEditorControl", "HtmlEditorControl\HTMLEditorControl.csproj", "{5873DE0F-6853-4C8E-91A4-7A6861069A9A}"
EndProject
Global
	GlobalSection(SolutionConfigurationPlatforms) = preSolution
		Debug|Any CPU = Debug|Any CPU
		Release|Any CPU = Release|Any CPU
	EndGlobalSection
	GlobalSection(ProjectConfigurationPlatforms) = postSolution
		{134672C0-60F8-42D8-BC10-B9E69F66A1F6}.Debug|Any CPU.ActiveCfg = Debug|Any CPU
		{134672C0-60F8-42D8-BC10-B9E69F66A1F6}.Debug|Any CPU.Build.0 = Debug|Any CPU
		{134672C0-60F8-42D8-BC10-B9E69F66A1F6}.Release|Any CPU.ActiveCfg = Release|Any CPU
		{134672C0-60F8-42D8-BC10-B9E69F66A1F6}.Release|Any CPU.Build.0 = Release|Any CPU
		{5873DE0F-6853-4C8E-91A4-7A6861069A9A}.Debug|Any CPU.ActiveCfg = Debug|Any CPU
		{5873DE0F-6853-4C8E-91A4-7A6861069A9A}.Debug|Any CPU.Build.0 = Debug|Any CPU
		{5873DE0F-6853-4C8E-91A4-7A6861069A9A}.Release|Any CPU.ActiveCfg = Release|Any CPU
		{5873DE0F-6853-4C8E-91A4-7A6861069A9A}.Release|Any CPU.Build.0 = Release|Any CPU
	EndGlobalSection
	GlobalSection(SolutionProperties) = preSolution
		HideSolutionNode = FALSE
	EndGlobalSection
EndGlobal
